
Microsoft Visual Studio Solution File, Format Version 12.00
# Visual Studio Version 16
VisualStudioVersion = 16.0.33801.447
MinimumVisualStudioVersion = 10.0.40219.1
Project("{00D1A9C2-B5F0-4AF3-8072-F6C62B433612}") = "migrateschemacc01", "migrateschemacc01.sqlproj", "{45689596-2026-4238-BA6E-5672BFD88C69}"
EndProject
Global
	GlobalSection(SolutionConfigurationPlatforms) = preSolution
		Debug|Any CPU = Debug|Any CPU
		Release|Any CPU = Release|Any CPU
	EndGlobalSection
	GlobalSection(ProjectConfigurationPlatforms) = postSolution
		{45689596-2026-4238-BA6E-5672BFD88C69}.Debug|Any CPU.ActiveCfg = Debug|Any CPU
		{45689596-2026-4238-BA6E-5672BFD88C69}.Debug|Any CPU.Build.0 = Debug|Any CPU
		{45689596-2026-4238-BA6E-5672BFD88C69}.Debug|Any CPU.Deploy.0 = Debug|Any CPU
		{45689596-2026-4238-BA6E-5672BFD88C69}.Release|Any CPU.ActiveCfg = Release|Any CPU
		{45689596-2026-4238-BA6E-5672BFD88C69}.Release|Any CPU.Build.0 = Release|Any CPU
		{45689596-2026-4238-BA6E-5672BFD88C69}.Release|Any CPU.Deploy.0 = Release|Any CPU
	EndGlobalSection
	GlobalSection(SolutionProperties) = preSolution
		HideSolutionNode = FALSE
	EndGlobalSection
	GlobalSection(ExtensibilityGlobals) = postSolution
		SolutionGuid = {78A7CE9C-C5BD-4119-83CD-E2CD84164D5D}
	EndGlobalSection
EndGlobal
